{
  "name": "Three.js(Avatar Website)",
  "lockfileVersion": 3,
  "requires": true,
  "packages": {
    "": {
      "dependencies": {
        "three.js": "^0.77.0"
      }
    },
    "node_modules/three": {
      "version": "0.181.2",
      "resolved": "https://registry.npmjs.org/three/-/three-0.181.2.tgz",
      "integrity": "sha512-k/CjiZ80bYss6Qs7/ex1TBlPD11whT9oKfT8oTGiHa34W4JRd1NiH/Tr1DbHWQ2/vMUypxksLnF2CfmlmM5XFQ==",
      "license": "MIT"
    },
    "node_modules/three.js": {
      "version": "0.77.0",
      "resolved": "https://registry.npmjs.org/three.js/-/three.js-0.77.1.tgz",
      "integrity": "sha512-lVMYlBXhhHlZtsF+cQdev6WCm2fSWs3I+A6Z63j6TBmkVXOYgdo9AUCRemfsw5mllqWx23VubJ5Qt8/uWKQpJA==",
      "dependencies": {
        "three": ">=0.125.0"
      }
    }
  }
}
